
Microsoft Visual Studio Solution File, Format Version 12.00
# Visual Studio Version 16
VisualStudioVersion = 16.0.31624.102
MinimumVisualStudioVersion = 10.0.40219.1
Project("{FAE04EC0-301F-11D3-BF4B-00C04F79EFBC}") = "BuyMyHouseApp", "BuyMyHouseApp\BuyMyHouseApp.csproj", "{834F8F2D-88A1-4ABE-AC18-CF9AA1232ADE}"
EndProject
Project("{FAE04EC0-301F-11D3-BF4B-00C04F79EFBC}") = "Domains", "Domains\Domains.csproj", "{05739A4E-0C48-47DB-93DB-2BB6A00F7813}"
EndProject
Project("{FAE04EC0-301F-11D3-BF4B-00C04F79EFBC}") = "DAL", "DAL\DAL.csproj", "{385C9908-8947-41AA-9015-3ECB935C3453}"
EndProject
Project("{FAE04EC0-301F-11D3-BF4B-00C04F79EFBC}") = "Services", "Services\Services.csproj", "{D2AB994C-3EC2-4E50-B3C3-83DD58E130E7}"
EndProject
Global
	GlobalSection(SolutionConfigurationPlatforms) = preSolution
		Debug|Any CPU = Debug|Any CPU
		Release|Any CPU = Release|Any CPU
	EndGlobalSection
	GlobalSection(ProjectConfigurationPlatforms) = postSolution
		{834F8F2D-88A1-4ABE-AC18-CF9AA1232ADE}.Debug|Any CPU.ActiveCfg = Debug|Any CPU
		{834F8F2D-88A1-4ABE-AC18-CF9AA1232ADE}.Debug|Any CPU.Build.0 = Debug|Any CPU
		{834F8F2D-88A1-4ABE-AC18-CF9AA1232ADE}.Release|Any CPU.ActiveCfg = Release|Any CPU
		{834F8F2D-88A1-4ABE-AC18-CF9AA1232ADE}.Release|Any CPU.Build.0 = Release|Any CPU
		{05739A4E-0C48-47DB-93DB-2BB6A00F7813}.Debug|Any CPU.ActiveCfg = Debug|Any CPU
		{05739A4E-0C48-47DB-93DB-2BB6A00F7813}.Debug|Any CPU.Build.0 = Debug|Any CPU
		{05739A4E-0C48-47DB-93DB-2BB6A00F7813}.Release|Any CPU.ActiveCfg = Release|Any CPU
		{05739A4E-0C48-47DB-93DB-2BB6A00F7813}.Release|Any CPU.Build.0 = Release|Any CPU
		{385C9908-8947-41AA-9015-3ECB935C3453}.Debug|Any CPU.ActiveCfg = Debug|Any CPU
		{385C9908-8947-41AA-9015-3ECB935C3453}.Debug|Any CPU.Build.0 = Debug|Any CPU
		{385C9908-8947-41AA-9015-3ECB935C3453}.Release|Any CPU.ActiveCfg = Release|Any CPU
		{385C9908-8947-41AA-9015-3ECB935C3453}.Release|Any CPU.Build.0 = Release|Any CPU
		{D2AB994C-3EC2-4E50-B3C3-83DD58E130E7}.Debug|Any CPU.ActiveCfg = Debug|Any CPU
		{D2AB994C-3EC2-4E50-B3C3-83DD58E130E7}.Debug|Any CPU.Build.0 = Debug|Any CPU
		{D2AB994C-3EC2-4E50-B3C3-83DD58E130E7}.Release|Any CPU.ActiveCfg = Release|Any CPU
		{D2AB994C-3EC2-4E50-B3C3-83DD58E130E7}.Release|Any CPU.Build.0 = Release|Any CPU
	EndGlobalSection
	GlobalSection(SolutionProperties) = preSolution
		HideSolutionNode = FALSE
	EndGlobalSection
	GlobalSection(ExtensibilityGlobals) = postSolution
		SolutionGuid = {3116B52B-BACA-4883-87C5-D14364E64020}
	EndGlobalSection
EndGlobal
